PODS:
  - Alamofire (4.9.1)
  - React (0.11.0):
    - React/Core (= 0.11.0)
  - React/Core (0.11.0)
  - trackier-ios-sdk (1.3.4):
    - Alamofire (~> 4.0)
    - Willow (~> 5.0)
  - Willow (5.2.1)

DEPENDENCIES:
  - React
  - trackier-ios-sdk

SPEC REPOS:
  trunk:
    - Alamofire
    - React
    - trackier-ios-sdk
    - Willow

SPEC CHECKSUMS:
  Alamofire: 85e8a02c69d6020a0d734f6054870d7ecb75cf18
  React: ab1a2e21deb34965c38328d5ec40cc7d12c6050a
  trackier-ios-sdk: 12a1093f03ec89f76ac1db648c6e5f60985c1739
  Willow: a6310f9aedcb6f4de8c35b94fd3416a660ae9280

PODFILE CHECKSUM: 5f8ed5a2ddf903915962e34e54755dd0e616b435

COCOAPODS: 1.10.1
